
Microsoft Visual Studio Solution File, Format Version 12.00
# Visual Studio Version 16
VisualStudioVersion = 16.0.30621.155
MinimumVisualStudioVersion = 10.0.40219.1
Project("{FAE04EC0-301F-11D3-BF4B-00C04F79EFBC}") = "Bot_Web", "Bot_Web\Bot_Web.csproj", "{5026F195-531F-4CCA-9861-05D1E42E1CC5}"
EndProject
Project("{FAE04EC0-301F-11D3-BF4B-00C04F79EFBC}") = "Utils", "Utils\Utils.csproj", "{492A6456-FD30-4372-A713-D27EBC9B0147}"
EndProject
Global
	GlobalSection(SolutionConfigurationPlatforms) = preSolution
		Debug|Any CPU = Debug|Any CPU
		Release|Any CPU = Release|Any CPU
	EndGlobalSection
	GlobalSection(ProjectConfigurationPlatforms) = postSolution
		{5026F195-531F-4CCA-9861-05D1E42E1CC5}.Debug|Any CPU.ActiveCfg = Debug|Any CPU
		{5026F195-531F-4CCA-9861-05D1E42E1CC5}.Debug|Any CPU.Build.0 = Debug|Any CPU
		{5026F195-531F-4CCA-9861-05D1E42E1CC5}.Release|Any CPU.ActiveCfg = Release|Any CPU
		{5026F195-531F-4CCA-9861-05D1E42E1CC5}.Release|Any CPU.Build.0 = Release|Any CPU
		{492A6456-FD30-4372-A713-D27EBC9B0147}.Debug|Any CPU.ActiveCfg = Debug|Any CPU
		{492A6456-FD30-4372-A713-D27EBC9B0147}.Debug|Any CPU.Build.0 = Debug|Any CPU
		{492A6456-FD30-4372-A713-D27EBC9B0147}.Release|Any CPU.ActiveCfg = Release|Any CPU
		{492A6456-FD30-4372-A713-D27EBC9B0147}.Release|Any CPU.Build.0 = Release|Any CPU
	EndGlobalSection
	GlobalSection(SolutionProperties) = preSolution
		HideSolutionNode = FALSE
	EndGlobalSection
	GlobalSection(ExtensibilityGlobals) = postSolution
		SolutionGuid = {BD57DB57-15B8-4742-8602-CC0B104F585E}
	EndGlobalSection
EndGlobal
